{
  "version": "4",
  "specifiers": {
    "jsr:@std/assert@^1.0.6": "1.0.6",
    "jsr:@std/internal@^1.0.4": "1.0.4",
    "npm:@testing-library/dom@^10.4.0": "10.4.0",
    "npm:@testing-library/react@^16.0.1": "16.0.1_@testing-library+dom@10.4.0_@types+react@18.3.12_react@18.3.1_react-dom@18.3.1__react@18.3.1",
    "npm:@types/node@*": "22.5.4",
    "npm:@types/react@^18.3.12": "18.3.12",
    "npm:happy-dom@^15.7.4": "15.7.4"
  },
  "jsr": {
    "@std/assert@1.0.6": {
      "integrity": "1904c05806a25d94fe791d6d883b685c9e2dcd60e4f9fc30f4fc5cf010c72207",
      "dependencies": [
        "jsr:@std/internal"
      ]
    },
    "@std/internal@1.0.4": {
      "integrity": "62e8e4911527e5e4f307741a795c0b0a9e6958d0b3790716ae71ce085f755422"
    }
  },
  "npm": {
    "@babel/code-frame@7.26.2": {
      "integrity": "sha512-RJlIHRueQgwWitWgF8OdFYGZX328Ax5BCemNGlqHfplnRT9ESi8JkFlvaVYbS+UubVY6dpv87Fs2u5M29iNFVQ==",
      "dependencies": [
        "@babel/helper-validator-identifier",
        "js-tokens",
        "picocolors"
      ]
    },
    "@babel/helper-validator-identifier@7.25.9": {
      "integrity": "sha512-Ed61U6XJc3CVRfkERJWDz4dJwKe7iLmmJsbOGu9wSloNSFttHV0I8g6UAgb7qnK5ly5bGLPd4oXZlxCdANBOWQ=="
    },
    "@babel/runtime@7.26.0": {
      "integrity": "sha512-FDSOghenHTiToteC/QRlv2q3DhPZ/oOXTBoirfWNx1Cx3TMVcGWQtMMmQcSvb/JjpNeGzx8Pq/b4fKEJuWm1sw==",
      "dependencies": [
        "regenerator-runtime"
      ]
    },
    "@testing-library/dom@10.4.0": {
      "integrity": "sha512-pemlzrSESWbdAloYml3bAJMEfNh1Z7EduzqPKprCH5S341frlpYnUEW0H72dLxa6IsYr+mPno20GiSm+h9dEdQ==",
      "dependencies": [
        "@babel/code-frame",
        "@babel/runtime",
        "@types/aria-query",
        "aria-query",
        "chalk",
        "dom-accessibility-api",
        "lz-string",
        "pretty-format"
      ]
    },
    "@testing-library/react@16.0.1_@testing-library+dom@10.4.0_@types+react@18.3.12_react@18.3.1_react-dom@18.3.1__react@18.3.1": {
      "integrity": "sha512-dSmwJVtJXmku+iocRhWOUFbrERC76TX2Mnf0ATODz8brzAZrMBbzLwQixlBSanZxR6LddK3eiwpSFZgDET1URg==",
      "dependencies": [
        "@babel/runtime",
        "@testing-library/dom",
        "@types/react",
        "react",
        "react-dom"
      ]
    },
    "@types/aria-query@5.0.4": {
      "integrity": "sha512-rfT93uj5s0PRL7EzccGMs3brplhcrghnDoV26NqKhCAS1hVo+WdNsPvE/yb6ilfr5hi2MEk6d5EWJTKdxg8jVw=="
    },
    "@types/node@22.5.4": {
      "integrity": "sha512-FDuKUJQm/ju9fT/SeX/6+gBzoPzlVCzfzmGkwKvRHQVxi4BntVbyIwf6a4Xn62mrvndLiml6z/UBXIdEVjQLXg==",
      "dependencies": [
        "undici-types"
      ]
    },
    "@types/prop-types@15.7.13": {
      "integrity": "sha512-hCZTSvwbzWGvhqxp/RqVqwU999pBf2vp7hzIjiYOsl8wqOmUxkQ6ddw1cV3l8811+kdUFus/q4d1Y3E3SyEifA=="
    },
    "@types/react@18.3.12": {
      "integrity": "sha512-D2wOSq/d6Agt28q7rSI3jhU7G6aiuzljDGZ2hTZHIkrTLUI+AF3WMeKkEZ9nN2fkBAlcktT6vcZjDFiIhMYEQw==",
      "dependencies": [
        "@types/prop-types",
        "csstype"
      ]
    },
    "ansi-regex@5.0.1": {
      "integrity": "sha512-quJQXlTSUGL2LH9SUXo8VwsY4soanhgo6LNSm84E1LBcE8s3O0wpdiRzyR9z/ZZJMlMWv37qOOb9pdJlMUEKFQ=="
    },
    "ansi-styles@4.3.0": {
      "integrity": "sha512-zbB9rCJAT1rbjiVDb2hqKFHNYLxgtk8NURxZ3IZwD3F6NtxbXZQCnnSi1Lkx+IDohdPlFp222wVALIheZJQSEg==",
      "dependencies": [
        "color-convert"
      ]
    },
    "ansi-styles@5.2.0": {
      "integrity": "sha512-Cxwpt2SfTzTtXcfOlzGEee8O+c+MmUgGrNiBcXnuWxuFJHe6a5Hz7qwhwe5OgaSYI0IJvkLqWX1ASG+cJOkEiA=="
    },
    "aria-query@5.3.0": {
      "integrity": "sha512-b0P0sZPKtyu8HkeRAfCq0IfURZK+SuwMjY1UXGBU27wpAiTwQAIlq56IbIO+ytk/JjS1fMR14ee5WBBfKi5J6A==",
      "dependencies": [
        "dequal"
      ]
    },
    "chalk@4.1.2": {
      "integrity": "sha512-oKnbhFyRIXpUuez8iBMmyEa4nbj4IOQyuhc/wy9kY7/WVPcwIO9VA668Pu8RkO7+0G76SLROeyw9CpQ061i4mA==",
      "dependencies": [
        "ansi-styles@4.3.0",
        "supports-color"
      ]
    },
    "color-convert@2.0.1": {
      "integrity": "sha512-RRECPsj7iu/xb5oKYcsFHSppFNnsj/52OVTRKb4zP5onXwVF3zVmmToNcOfGC+CRDpfK/U584fMg38ZHCaElKQ==",
      "dependencies": [
        "color-name"
      ]
    },
    "color-name@1.1.4": {
      "integrity": "sha512-dOy+3AuW3a2wNbZHIuMZpTcgjGuLU/uBL/ubcZF9OXbDo8ff4O8yVp5Bf0efS8uEoYo5q4Fx7dY9OgQGXgAsQA=="
    },
    "csstype@3.1.3": {
      "integrity": "sha512-M1uQkMl8rQK/szD0LNhtqxIPLpimGm8sOBwU7lLnCpSbTyY3yeU1Vc7l4KT5zT4s/yOxHH5O7tIuuLOCnLADRw=="
    },
    "dequal@2.0.3": {
      "integrity": "sha512-0je+qPKHEMohvfRTCEo3CrPG6cAzAYgmzKyxRiYSSDkS6eGJdyVJm7WaYA5ECaAD9wLB2T4EEeymA5aFVcYXCA=="
    },
    "dom-accessibility-api@0.5.16": {
      "integrity": "sha512-X7BJ2yElsnOJ30pZF4uIIDfBEVgF4XEBxL9Bxhy6dnrm5hkzqmsWHGTiHqRiITNhMyFLyAiWndIJP7Z1NTteDg=="
    },
    "entities@4.5.0": {
      "integrity": "sha512-V0hjH4dGPh9Ao5p0MoRY6BVqtwCjhz6vI5LT8AJ55H+4g9/4vbHx1I54fS0XuclLhDHArPQCiMjDxjaL8fPxhw=="
    },
    "happy-dom@15.7.4": {
      "integrity": "sha512-r1vadDYGMtsHAAsqhDuk4IpPvr6N8MGKy5ntBo7tSdim+pWDxus2PNqOcOt8LuDZ4t3KJHE+gCuzupcx/GKnyQ==",
      "dependencies": [
        "entities",
        "webidl-conversions",
        "whatwg-mimetype"
      ]
    },
    "has-flag@4.0.0": {
      "integrity": "sha512-EykJT/Q1KjTWctppgIAgfSO0tKVuZUjhgMr17kqTumMl6Afv3EISleU7qZUzoXDFTAHTDC4NOoG/ZxU3EvlMPQ=="
    },
    "js-tokens@4.0.0": {
      "integrity": "sha512-RdJUflcE3cUzKiMqQgsCu06FPu9UdIJO0beYbPhHN4k6apgJtifcoCtT9bcxOpYBtpD2kCM6Sbzg4CausW/PKQ=="
    },
    "loose-envify@1.4.0": {
      "integrity": "sha512-lyuxPGr/Wfhrlem2CL/UcnUc1zcqKAImBDzukY7Y5F/yQiNdko6+fRLevlw1HgMySw7f611UIY408EtxRSoK3Q==",
      "dependencies": [
        "js-tokens"
      ]
    },
    "lz-string@1.5.0": {
      "integrity": "sha512-h5bgJWpxJNswbU7qCrV0tIKQCaS3blPDrqKWx+QxzuzL1zGUzij9XCWLrSLsJPu5t+eWA/ycetzYAO5IOMcWAQ=="
    },
    "picocolors@1.1.1": {
      "integrity": "sha512-xceH2snhtb5M9liqDsmEw56le376mTZkEX/jEb/RxNFyegNul7eNslCXP9FDj/Lcu0X8KEyMceP2ntpaHrDEVA=="
    },
    "pretty-format@27.5.1": {
      "integrity": "sha512-Qb1gy5OrP5+zDf2Bvnzdl3jsTf1qXVMazbvCoKhtKqVs4/YK4ozX4gKQJJVyNe+cajNPn0KoC0MC3FUmaHWEmQ==",
      "dependencies": [
        "ansi-regex",
        "ansi-styles@5.2.0",
        "react-is"
      ]
    },
    "react-dom@18.3.1_react@18.3.1": {
      "integrity": "sha512-5m4nQKp+rZRb09LNH59GM4BxTh9251/ylbKIbpe7TpGxfJ+9kv6BLkLBXIjjspbgbnIBNqlI23tRnTWT0snUIw==",
      "dependencies": [
        "loose-envify",
        "react",
        "scheduler"
      ]
    },
    "react-is@17.0.2": {
      "integrity": "sha512-w2GsyukL62IJnlaff/nRegPQR94C/XXamvMWmSHRJ4y7Ts/4ocGRmTHvOs8PSE6pB3dWOrD/nueuU5sduBsQ4w=="
    },
    "react@18.3.1": {
      "integrity": "sha512-wS+hAgJShR0KhEvPJArfuPVN1+Hz1t0Y6n5jLrGQbkb4urgPE/0Rve+1kMB1v/oWgHgm4WIcV+i7F2pTVj+2iQ==",
      "dependencies": [
        "loose-envify"
      ]
    },
    "regenerator-runtime@0.14.1": {
      "integrity": "sha512-dYnhHh0nJoMfnkZs6GmmhFknAGRrLznOu5nc9ML+EJxGvrx6H7teuevqVqCuPcPK//3eDrrjQhehXVx9cnkGdw=="
    },
    "scheduler@0.23.2": {
      "integrity": "sha512-UOShsPwz7NrMUqhR6t0hWjFduvOzbtv7toDH1/hIrfRNIDBnnBWd0CwJTGvTpngVlmwGCdP9/Zl/tVrDqcuYzQ==",
      "dependencies": [
        "loose-envify"
      ]
    },
    "supports-color@7.2.0": {
      "integrity": "sha512-qpCAvRl9stuOHveKsn7HncJRvv501qIacKzQlO/+Lwxc9+0q2wLyv4Dfvt80/DPn2pqOBsJdDiogXGR9+OvwRw==",
      "dependencies": [
        "has-flag"
      ]
    },
    "undici-types@6.19.8": {
      "integrity": "sha512-ve2KP6f/JnbPBFyobGHuerC9g1FYGn/F8n1LWTwNxCEzd6IfqTwUQcNXgEtmmQ6DlRrC1hrSrBnCZPokRrDHjw=="
    },
    "webidl-conversions@7.0.0": {
      "integrity": "sha512-VwddBukDzu71offAQR975unBIGqfKZpM+8ZX6ySk8nYhVoo5CYaZyzt3YBvYtRtO+aoGlqxPg/B87NGVZ/fu6g=="
    },
    "whatwg-mimetype@3.0.0": {
      "integrity": "sha512-nt+N2dzIutVRxARx1nghPKGv1xHikU7HKdfafKkLNLindmPU/ch3U31NOCGGA/dmPcmb1VlofO0vnKAcsm0o/Q=="
    }
  },
  "remote": {
    "https://esm.sh/react-dom@18.3.1/client/index.js": "3e23a449c16029111f8fa64809dd83ea5f896a4065f956b6b6d87998854efa1e",
    "https://esm.sh/react@18.3.1": "52480d4c00855e4f76843caa4f2818eb001671523740cbf064cbd108721c29c8",
    "https://esm.sh/stable/react@18.3.1/denonext/react.mjs": "fc048ffc55366baf7669519127d186761db72046e2bebf35fe8d0de3964defa3",
    "https://esm.sh/v135/react-dom@18.3.1/denonext/client.js": "51910a60c05a5614b9dbec634d8594f74a4300fed2023dbdf1f8ea2a41a82b96",
    "https://esm.sh/v135/react-dom@18.3.1/denonext/react-dom.mjs": "0c4ad76e514ad1c9d8987d49679c5f2a6299b34c1b7fbf10a5da056ae4a0963f",
    "https://esm.sh/v135/scheduler@0.23.2/denonext/scheduler.mjs": "dc96e5be52b14a40ce36295d938d5211e520c4da3183fe2ad4283ed103747d82"
  },
  "workspace": {
    "dependencies": [
      "jsr:@std/assert@^1.0.6",
      "npm:@testing-library/dom@^10.4.0",
      "npm:@testing-library/react@^16.0.1",
      "npm:@types/react@^18.3.12",
      "npm:happy-dom@^15.7.4"
    ]
  }
}
